// !$*UTF8*$!
{
	archiveVersion = 1;
	classes = {
	};
	objectVersion = 48;
	objects = {

/* Begin PBXBuildFile section */
		BA47F77F2077B10800F70A14 /* AppDelegate.m in Sources */ = {isa = PBXBuildFile; fileRef = BA47F77E2077B10800F70A14 /* AppDelegate.m */; };
		BA47F7822077B10800F70A14 /* ViewController.m in Sources */ = {isa = PBXBuildFile; fileRef = BA47F7812077B10800F70A14 /* ViewController.m */; };
		BA47F7852077B10800F70A14 /* Main.storyboard in Resources */ = {isa = PBXBuildFile; fileRef = BA47F7832077B10800F70A14 /* Main.storyboard */; };
		BA47F7872077B10800F70A14 /* Assets.xcassets in Resources */ = {isa = PBXBuildFile; fileRef = BA47F7862077B10800F70A14 /* Assets.xcassets */; };
		BA47F78A2077B10800F70A14 /* LaunchScreen.storyboard in Resources */ = {isa = PBXBuildFile; fileRef = BA47F7882077B10800F70A14 /* LaunchScreen.storyboard */; };
		BA47F78D2077B10800F70A14 /* main.m in Sources */ = {isa = PBXBuildFile; fileRef = BA47F78C2077B10800F70A14 /* main.m */; };
		BA47F7942077B13000F70A14 /* FitAnalytics_WebWidget.framework in Frameworks */ = {isa = PBXBuildFile; fileRef = BA47F7932077B13000F70A14 /* FitAnalytics_WebWidget.framework */; };
		BA47F7952077B13000F70A14 /* FitAnalytics_WebWidget.framework in Embed Frameworks */ = {isa = PBXBuildFile; fileRef = BA47F7932077B13000F70A14 /* FitAnalytics_WebWidget.framework */; settings = {ATTRIBUTES = (CodeSignOnCopy, RemoveHeadersOnCopy, ); }; };
/* End PBXBuildFile section */

/* Begin PBXCopyFilesBuildPhase section */
		BA47F7962077B13000F70A14 /* Embed Frameworks */ = {
			isa = PBXCopyFilesBuildPhase;
			buildActionMask = 2147483647;
			dstPath = "";
			dstSubfolderSpec = 10;
			files = (
				BA47F7952077B13000F70A14 /* FitAnalytics_WebWidget.framework in Embed Frameworks */,
			);
			name = "Embed Frameworks";
			runOnlyForDeploymentPostprocessing = 0;
		};
/* End PBXCopyFilesBuildPhase section */

/* Begin PBXFileReference section */
		BA47F77A2077B10800F70A14 /* Framework Example.app */ = {isa = PBXFileReference; explicitFileType = wrapper.application; includeInIndex = 0; path = "Framework Example.app"; sourceTree = BUILT_PRODUCTS_DIR; };
		BA47F77D2077B10800F70A14 /* AppDelegate.h */ = {isa = PBXFileReference; lastKnownFileType = sourcecode.c.h; path = AppDelegate.h; sourceTree = "<group>"; };
		BA47F77E2077B10800F70A14 /* AppDelegate.m */ = {isa = PBXFileReference; lastKnownFileType = sourcecode.c.objc; path = AppDelegate.m; sourceTree = "<group>"; };
		BA47F7802077B10800F70A14 /* ViewController.h */ = {isa = PBXFileReference; lastKnownFileType = sourcecode.c.h; path = ViewController.h; sourceTree = "<group>"; };
		BA47F7812077B10800F70A14 /* ViewController.m */ = {isa = PBXFileReference; lastKnownFileType = sourcecode.c.objc; path = ViewController.m; sourceTree = "<group>"; };
		BA47F7842077B10800F70A14 /* Base */ = {isa = PBXFileReference; lastKnownFileType = file.storyboard; name = Base; path = Base.lproj/Main.storyboard; sourceTree = "<group>"; };
		BA47F7862077B10800F70A14 /* Assets.xcassets */ = {isa = PBXFileReference; lastKnownFileType = folder.assetcatalog; path = Assets.xcassets; sourceTree = "<group>"; };
		BA47F7892077B10800F70A14 /* Base */ = {isa = PBXFileReference; lastKnownFileType = file.storyboard; name = Base; path = Base.lproj/LaunchScreen.storyboard; sourceTree = "<group>"; };
		BA47F78B2077B10800F70A14 /* Info.plist */ = {isa = PBXFileReference; lastKnownFileType = text.plist.xml; path = Info.plist; sourceTree = "<group>"; };
		BA47F78C2077B10800F70A14 /* main.m */ = {isa = PBXFileReference; lastKnownFileType = sourcecode.c.objc; path = main.m; sourceTree = "<group>"; };
		BA47F7932077B13000F70A14 /* FitAnalytics_WebWidget.framework */ = {isa = PBXFileReference; lastKnownFileType = wrapper.framework; name = FitAnalytics_WebWidget.framework; path = ../Builds/all/FitAnalytics_WebWidget.framework; sourceTree = "<group>"; };
/* End PBXFileReference section */

/* Begin PBXFrameworksBuildPhase section */
		BA47F7772077B10800F70A14 /* Frameworks */ = {
			isa = PBXFrameworksBuildPhase;
			buildActionMask = 2147483647;
			files = (
				BA47F7942077B13000F70A14 /* FitAnalytics_WebWidget.framework in Frameworks */,
			);
			runOnlyForDeploymentPostprocessing = 0;
		};
/* End PBXFrameworksBuildPhase section */

/* Begin PBXGroup section */
		BA47F7712077B10800F70A14 = {
			isa = PBXGroup;
			children = (
				BA47F7932077B13000F70A14 /* FitAnalytics_WebWidget.framework */,
				BA47F77C2077B10800F70A14 /* Framework Example */,
				BA47F77B2077B10800F70A14 /* Products */,
			);
			sourceTree = "<group>";
		};
		BA47F77B2077B10800F70A14 /* Products */ = {
			isa = PBXGroup;
			children = (
				BA47F77A2077B10800F70A14 /* Framework Example.app */,
			);
			name = Products;
			sourceTree = "<group>";
		};
		BA47F77C2077B10800F70A14 /* Framework Example */ = {
			isa = PBXGroup;
			children = (
				BA47F77D2077B10800F70A14 /* AppDelegate.h */,
				BA47F77E2077B10800F70A14 /* AppDelegate.m */,
				BA47F7802077B10800F70A14 /* ViewController.h */,
				BA47F7812077B10800F70A14 /* ViewController.m */,
				BA47F7832077B10800F70A14 /* Main.storyboard */,
				BA47F7862077B10800F70A14 /* Assets.xcassets */,
				BA47F7882077B10800F70A14 /* LaunchScreen.storyboard */,
				BA47F78B2077B10800F70A14 /* Info.plist */,
				BA47F78C2077B10800F70A14 /* main.m */,
			);
			path = "Framework Example";
			sourceTree = "<group>";
		};
/* End PBXGroup section */

/* Begin PBXNativeTarget section */
		BA47F7792077B10800F70A14 /* Framework Example */ = {
			isa = PBXNativeTarget;
			buildConfigurationList = BA47F7902077B10800F70A14 /* Build configuration list for PBXNativeTarget "Framework Example" */;
			buildPhases = (
				BA47F7762077B10800F70A14 /* Sources */,
				BA47F7772077B10800F70A14 /* Frameworks */,
				BA47F7782077B10800F70A14 /* Resources */,
				BA47F7962077B13000F70A14 /* Embed Frameworks */,
			);
			buildRules = (
			);
			dependencies = (
			);
			name = "Framework Example";
			productName = "Framework Example";
			productReference = BA47F77A2077B10800F70A14 /* Framework Example.app */;
			productType = "com.apple.product-type.application";
		};
/* End PBXNativeTarget section */

/* Begin PBXProject section */
		BA47F7722077B10800F70A14 /* Project object */ = {
			isa = PBXProject;
			attributes = {
				LastUpgradeCheck = 0920;
				ORGANIZATIONNAME = FitAnalytics;
				TargetAttributes = {
					BA47F7792077B10800F70A14 = {
						CreatedOnToolsVersion = 9.2;
						ProvisioningStyle = Automatic;
					};
				};
			};
			buildConfigurationList = BA47F7752077B10800F70A14 /* Build configuration list for PBXProject "Framework Example" */;
			compatibilityVersion = "Xcode 8.0";
			developmentRegion = en;
			hasScannedForEncodings = 0;
			knownRegions = (
				en,
				Base,
			);
			mainGroup = BA47F7712077B10800F70A14;
			productRefGroup = BA47F77B2077B10800F70A14 /* Products */;
			projectDirPath = "";
			projectRoot = "";
			targets = (
				BA47F7792077B10800F70A14 /* Framework Example */,
			);
		};
/* End PBXProject section */

/* Begin PBXResourcesBuildPhase section */
		BA47F7782077B10800F70A14 /* Resources */ = {
			isa = PBXResourcesBuildPhase;
			buildActionMask = 2147483647;
			files = (
				BA47F78A2077B10800F70A14 /* LaunchScreen.storyboard in Resources */,
				BA47F7872077B10800F70A14 /* Assets.xcassets in Resources */,
				BA47F7852077B10800F70A14 /* Main.storyboard in Resources */,
			);
			runOnlyForDeploymentPostprocessing = 0;
		};
/* End PBXResourcesBuildPhase section */

/* Begin PBXSourcesBuildPhase section */
		BA47F7762077B10800F70A14 /* Sources */ = {
			isa = PBXSourcesBuildPhase;
			buildActionMask = 2147483647;
			files = (
				BA47F7822077B10800F70A14 /* ViewController.m in Sources */,
				BA47F78D2077B10800F70A14 /* main.m in Sources */,
				BA47F77F2077B10800F70A14 /* AppDelegate.m in Sources */,
			);
			runOnlyForDeploymentPostprocessing = 0;
		};
/* End PBXSourcesBuildPhase section */

/* Begin PBXVariantGroup section */
		BA47F7832077B10800F70A14 /* Main.storyboard */ = {
			isa = PBXVariantGroup;
			children = (
				BA47F7842077B10800F70A14 /* Base */,
			);
			name = Main.storyboard;
			sourceTree = "<group>";
		};
		BA47F7882077B10800F70A14 /* LaunchScreen.storyboard */ = {
			isa = PBXVariantGroup;
			children = (
				BA47F7892077B10800F70A14 /* Base */,
			);
			name = LaunchScreen.storyboard;
			sourceTree = "<group>";
		};
/* End PBXVariantGroup section */

/* Begin XCBuildConfiguration section */
		BA47F78E2077B10800F70A14 /* Debug */ = {
			isa = XCBuildConfiguration;
			buildSettings = {
				ALWAYS_SEARCH_USER_PATHS = NO;
				CLANG_ANALYZER_NONNULL = YES;
				CLANG_ANALYZER_NUMBER_OBJECT_CONVERSION = YES_AGGRESSIVE;
				CLANG_CXX_LANGUAGE_STANDARD = "gnu++14";
				CLANG_CXX_LIBRARY = "libc++";
				CLANG_ENABLE_MODULES = YES;
				CLANG_ENABLE_OBJC_ARC = YES;
				CLANG_WARN_BLOCK_CAPTURE_AUTORELEASING = YES;
				CLANG_WARN_BOOL_CONVERSION = YES;
				CLANG_WARN_COMMA = YES;
				CLANG_WARN_CONSTANT_CONVERSION = YES;
				CLANG_WARN_DIRECT_OBJC_ISA_USAGE = YES_ERROR;
				CLANG_WARN_DOCUMENTATION_COMMENTS = YES;
				CLANG_WARN_EMPTY_BODY = YES;
				CLANG_WARN_ENUM_CONVERSION = YES;
				CLANG_WARN_INFINITE_RECURSION = YES;
				CLANG_WARN_INT_CONVERSION = YES;
				CLANG_WARN_NON_LITERAL_NULL_CONVERSION = YES;
				CLANG_WARN_OBJC_LITERAL_CONVERSION = YES;
				CLANG_WARN_OBJC_ROOT_CLASS = YES_ERROR;
				CLANG_WARN_RANGE_LOOP_ANALYSIS = YES;
				CLANG_WARN_STRICT_PROTOTYPES = YES;
				CLANG_WARN_SUSPICIOUS_MOVE = YES;
				CLANG_WARN_UNGUARDED_AVAILABILITY = YES_AGGRESSIVE;
				CLANG_WARN_UNREACHABLE_CODE = YES;
				CLANG_WARN__DUPLICATE_METHOD_MATCH = YES;
				CODE_SIGN_IDENTITY = "iPhone Developer";
				COPY_PHASE_STRIP = NO;
				DEBUG_INFORMATION_FORMAT = dwarf;
				ENABLE_STRICT_OBJC_MSGSEND = YES;
				ENABLE_TESTABILITY = YES;
				GCC_C_LANGUAGE_STANDARD = gnu11;
				GCC_DYNAMIC_NO_PIC = NO;
				GCC_NO_COMMON_BLOCKS = YES;
				GCC_OPTIMIZATION_LEVEL = 0;
				GCC_PREPROCESSOR_DEFINITIONS = (
					"DEBUG=1",
					"$(inherited)",
				);
				GCC_WARN_64_TO_32_BIT_CONVERSION = YES;
				GCC_WARN_ABOUT_RETURN_TYPE = YES_ERROR;
				GCC_WARN_UNDECLARED_SELECTOR = YES;
				GCC_WARN_UNINITIALIZED_AUTOS = YES_AGGRESSIVE;
				GCC_WARN_UNUSED_FUNCTION = YES;
				GCC_WARN_UNUSED_VARIABLE = YES;
				IPHONEOS_DEPLOYMENT_TARGET = 10.0;
				MTL_ENABLE_DEBUG_INFO = YES;
				ONLY_ACTIVE_ARCH = YES;
				SDKROOT = iphoneos;
			};
			name = Debug;
		};
		BA47F78F2077B10800F70A14 /* Release */ = {
			isa = XCBuildConfiguration;
			buildSettings = {
				ALWAYS_SEARCH_USER_PATHS = NO;
				CLANG_ANALYZER_NONNULL = YES;
				CLANG_ANALYZER_NUMBER_OBJECT_CONVERSION = YES_AGGRESSIVE;
				CLANG_CXX_LANGUAGE_STANDARD = "gnu++14";
				CLANG_CXX_LIBRARY = "libc++";
				CLANG_ENABLE_MODULES = YES;
				CLANG_ENABLE_OBJC_ARC = YES;
				CLANG_WARN_BLOCK_CAPTURE_AUTORELEASING = YES;
				CLANG_WARN_BOOL_CONVERSION = YES;
				CLANG_WARN_COMMA = YES;
				CLANG_WARN_CONSTANT_CONVERSION = YES;
				CLANG_WARN_DIRECT_OBJC_ISA_USAGE = YES_ERROR;
				CLANG_WARN_DOCUMENTATION_COMMENTS = YES;
				CLANG_WARN_EMPTY_BODY = YES;
				CLANG_WARN_ENUM_CONVERSION = YES;
				CLANG_WARN_INFINITE_RECURSION = YES;
				CLANG_WARN_INT_CONVERSION = YES;
				CLANG_WARN_NON_LITERAL_NULL_CONVERSION = YES;
				CLANG_WARN_OBJC_LITERAL_CONVERSION = YES;
				CLANG_WARN_OBJC_ROOT_CLASS = YES_ERROR;
				CLANG_WARN_RANGE_LOOP_ANALYSIS = YES;
				CLANG_WARN_STRICT_PROTOTYPES = YES;
				CLANG_WARN_SUSPICIOUS_MOVE = YES;
				CLANG_WARN_UNGUARDED_AVAILABILITY = YES_AGGRESSIVE;
				CLANG_WARN_UNREACHABLE_CODE = YES;
				CLANG_WARN__DUPLICATE_METHOD_MATCH = YES;
				CODE_SIGN_IDENTITY = "iPhone Developer";
				COPY_PHASE_STRIP = NO;
				DEBUG_INFORMATION_FORMAT = "dwarf-with-dsym";
				ENABLE_NS_ASSERTIONS = NO;
				ENABLE_STRICT_OBJC_MSGSEND = YES;
				GCC_C_LANGUAGE_STANDARD = gnu11;
				GCC_NO_COMMON_BLOCKS = YES;
				GCC_WARN_64_TO_32_BIT_CONVERSION = YES;
				GCC_WARN_ABOUT_RETURN_TYPE = YES_ERROR;
				GCC_WARN_UNDECLARED_SELECTOR = YES;
				GCC_WARN_UNINITIALIZED_AUTOS = YES_AGGRESSIVE;
				GCC_WARN_UNUSED_FUNCTION = YES;
				GCC_WARN_UNUSED_VARIABLE = YES;
				IPHONEOS_DEPLOYMENT_TARGET = 10.0;
				MTL_ENABLE_DEBUG_INFO = NO;
				SDKROOT = iphoneos;
				VALIDATE_PRODUCT = YES;
			};
			name = Release;
		};
		BA47F7912077B10800F70A14 /* Debug */ = {
			isa = XCBuildConfiguration;
			buildSettings = {
				ASSETCATALOG_COMPILER_APPICON_NAME = AppIcon;
				CODE_SIGN_STYLE = Automatic;
				DEVELOPMENT_TEAM = 6R6H7839X5;
				INFOPLIST_FILE = "Framework Example/Info.plist";
				LD_RUNPATH_SEARCH_PATHS = "$(inherited) @executable_path/Frameworks";
				PRODUCT_BUNDLE_IDENTIFIER = "com.fitanalytics.Framework-Example";
				PRODUCT_NAME = "$(TARGET_NAME)";
				TARGETED_DEVICE_FAMILY = "1,2";
			};
			name = Debug;
		};
		BA47F7922077B10800F70A14 /* Release */ = {
			isa = XCBuildConfiguration;
			buildSettings = {
				ASSETCATALOG_COMPILER_APPICON_NAME = AppIcon;
				CODE_SIGN_STYLE = Automatic;
				DEVELOPMENT_TEAM = 6R6H7839X5;
				INFOPLIST_FILE = "Framework Example/Info.plist";
				LD_RUNPATH_SEARCH_PATHS = "$(inherited) @executable_path/Frameworks";
				PRODUCT_BUNDLE_IDENTIFIER = "com.fitanalytics.Framework-Example";
				PRODUCT_NAME = "$(TARGET_NAME)";
				TARGETED_DEVICE_FAMILY = "1,2";
			};
			name = Release;
		};
/* End XCBuildConfiguration section */

/* Begin XCConfigurationList section */
		BA47F7752077B10800F70A14 /* Build configuration list for PBXProject "Framework Example" */ = {
			isa = XCConfigurationList;
			buildConfigurations = (
				BA47F78E2077B10800F70A14 /* Debug */,
				BA47F78F2077B10800F70A14 /* Release */,
			);
			defaultConfigurationIsVisible = 0;
			defaultConfigurationName = Release;
		};
		BA47F7902077B10800F70A14 /* Build configuration list for PBXNativeTarget "Framework Example" */ = {
			isa = XCConfigurationList;
			buildConfigurations = (
				BA47F7912077B10800F70A14 /* Debug */,
				BA47F7922077B10800F70A14 /* Release */,
			);
			defaultConfigurationIsVisible = 0;
			defaultConfigurationName = Release;
		};
/* End XCConfigurationList section */
	};
	rootObject = BA47F7722077B10800F70A14 /* Project object */;
}
