PODS:
  - FitAnalytics-WebWidget (0.2.0)
  - PromiseKit (4.2.0):
    - PromiseKit/Foundation (= 4.2.0)
    - PromiseKit/QuartzCore (= 4.2.0)
    - PromiseKit/UIKit (= 4.2.0)
  - PromiseKit/CorePromise (4.2.0)
  - PromiseKit/Foundation (4.2.0):
    - PromiseKit/CorePromise
  - PromiseKit/QuartzCore (4.2.0):
    - PromiseKit/CorePromise
  - PromiseKit/UIKit (4.2.0):
    - PromiseKit/CorePromise

DEPENDENCIES:
  - FitAnalytics-WebWidget (from `../../FitAnalytics-WebWidget`)
  - PromiseKit (~> 4.0)

EXTERNAL SOURCES:
  FitAnalytics-WebWidget:
    :path: ../../FitAnalytics-WebWidget

SPEC CHECKSUMS:
  FitAnalytics-WebWidget: d26ba37260c6291145fe178bb9ede4df56d1d057
  PromiseKit: 08dfb783c161ddcd95b7912421f14c5113fd8318

PODFILE CHECKSUM: 2b666a0ab1e3e7079e9191a7b6f523763d82fe9e

COCOAPODS: 1.2.1
