PODS:
  - FitAnalytics-WebWidget (0.5.4)
  - PromiseKit (8.1.1):
    - PromiseKit/CorePromise (= 8.1.1)
    - PromiseKit/Foundation (= 8.1.1)
    - PromiseKit/UIKit (= 8.1.1)
  - PromiseKit/CorePromise (8.1.1)
  - PromiseKit/Foundation (8.1.1):
    - PromiseKit/CorePromise
  - PromiseKit/UIKit (8.1.1):
    - PromiseKit/CorePromise

DEPENDENCIES:
  - FitAnalytics-WebWidget (from `../../`)
  - PromiseKit (~> 8.0)

SPEC REPOS:
  trunk:
    - PromiseKit

EXTERNAL SOURCES:
  FitAnalytics-WebWidget:
    :path: "../../"

SPEC CHECKSUMS:
  FitAnalytics-WebWidget: ef18ef48a96a914949f84da5b58ee6ac30f78456
  PromiseKit: d1be44b474e5acfa16adf007a1f49f104e10fead

PODFILE CHECKSUM: 7681e44ba5678b5667a78cfeb7e581d8a524a786

COCOAPODS: 1.15.2
