PODS:
  - FitAnalytics-WebWidget (0.0.1)

DEPENDENCIES:
  - FitAnalytics-WebWidget (from `../../FitAnalytics-WebWidget`)

EXTERNAL SOURCES:
  FitAnalytics-WebWidget:
    :path: ../../FitAnalytics-WebWidget

SPEC CHECKSUMS:
  FitAnalytics-WebWidget: f4772c67616dd35a3f006594903c5a96703c8403

PODFILE CHECKSUM: 6b1116edcb0f5c2de5f2dfa4be8ac9b741ec9389

COCOAPODS: 1.2.0.beta.3
