PODS:
  - FitAnalytics-WebWidget (0.5.1)

DEPENDENCIES:
  - FitAnalytics-WebWidget (from `../../`)

EXTERNAL SOURCES:
  FitAnalytics-WebWidget:
    :path: "../../"

SPEC CHECKSUMS:
  FitAnalytics-WebWidget: 64ca779ae78a91c5ddbc970a86d02ca185d625df

PODFILE CHECKSUM: 5ddc61bbc392d514844716695c589b2d4790e03b

COCOAPODS: 1.10.2
