// !$*UTF8*$!
{
	archiveVersion = 1;
	classes = {
	};
	objectVersion = 46;
	objects = {

/* Begin PBXBuildFile section */
		374D58ED9E38C1F1E3856688 /* Pods_ReporterTests.framework in Frameworks */ = {isa = PBXBuildFile; fileRef = 02668E3008536679B865D02B /* Pods_ReporterTests.framework */; };
		A24C00BA68F422EF68FE7CD9 /* Pods_WidgetTests.framework in Frameworks */ = {isa = PBXBuildFile; fileRef = 9C0E60A5C29FC3E5ADA0FC41 /* Pods_WidgetTests.framework */; };
		A7EEAD5C5CBF0F627E60F63B /* Pods_TestRunner.framework in Frameworks */ = {isa = PBXBuildFile; fileRef = 211E02DC9E32CF7ECD45D025 /* Pods_TestRunner.framework */; };
		BA7E53B61E3F777C001CA657 /* main.m in Sources */ = {isa = PBXBuildFile; fileRef = BA7E53B51E3F777C001CA657 /* main.m */; };
		BA7E53B91E3F777C001CA657 /* AppDelegate.m in Sources */ = {isa = PBXBuildFile; fileRef = BA7E53B81E3F777C001CA657 /* AppDelegate.m */; };
		BA7E53BC1E3F777C001CA657 /* ViewController.m in Sources */ = {isa = PBXBuildFile; fileRef = BA7E53BB1E3F777C001CA657 /* ViewController.m */; };
		BA7E53BF1E3F777C001CA657 /* Main.storyboard in Resources */ = {isa = PBXBuildFile; fileRef = BA7E53BD1E3F777C001CA657 /* Main.storyboard */; };
		BA7E53C11E3F777C001CA657 /* Assets.xcassets in Resources */ = {isa = PBXBuildFile; fileRef = BA7E53C01E3F777C001CA657 /* Assets.xcassets */; };
		BA7E53C41E3F777C001CA657 /* LaunchScreen.storyboard in Resources */ = {isa = PBXBuildFile; fileRef = BA7E53C21E3F777C001CA657 /* LaunchScreen.storyboard */; };
		BA7E53DB1E3F7933001CA657 /* FITAWebWidget+TestInterface.m in Sources */ = {isa = PBXBuildFile; fileRef = BA7E53DA1E3F7933001CA657 /* FITAWebWidget+TestInterface.m */; };
		BA8C88C81FD1B0DB006DC3DB /* ReporterTests.m in Sources */ = {isa = PBXBuildFile; fileRef = BAB4FC081FB4A04B0045F3CB /* ReporterTests.m */; };
		BA8DBBF6203497BF0016BA26 /* Info.plist in Resources */ = {isa = PBXBuildFile; fileRef = BA8DBBD9203494640016BA26 /* Info.plist */; };
		BA8DBBF7203497EE0016BA26 /* ReporterSwiftTests.swift in Sources */ = {isa = PBXBuildFile; fileRef = BAB6C117203346EF006450A2 /* ReporterSwiftTests.swift */; };
		BAAB07731EF13C2A006F1DCE /* WidgetTests.m in Sources */ = {isa = PBXBuildFile; fileRef = BAAB07721EF13C2A006F1DCE /* WidgetTests.m */; };
		BAAB077C1EF14BE6006F1DCE /* WidgetTestCase.m in Sources */ = {isa = PBXBuildFile; fileRef = BAAB077B1EF14BE6006F1DCE /* WidgetTestCase.m */; };
		BAB4FC2E1FB4B8A80045F3CB /* ReporterTestCase.m in Sources */ = {isa = PBXBuildFile; fileRef = BAB4FC001FB49FDF0045F3CB /* ReporterTestCase.m */; };
		BAB4FC311FB4BA7B0045F3CB /* FITAPurchaseReporter+TestInterface.m in Sources */ = {isa = PBXBuildFile; fileRef = BAB4FC301FB4BA7B0045F3CB /* FITAPurchaseReporter+TestInterface.m */; };
		D73DAC383F2910B1A0FD4F84 /* Pods_ReporterSwiftTests.framework in Frameworks */ = {isa = PBXBuildFile; fileRef = DBD32B555955A343741493EF /* Pods_ReporterSwiftTests.framework */; };
/* End PBXBuildFile section */

/* Begin PBXContainerItemProxy section */
		BA8DBBF12034969A0016BA26 /* PBXContainerItemProxy */ = {
			isa = PBXContainerItemProxy;
			containerPortal = BA7E53A91E3F777C001CA657 /* Project object */;
			proxyType = 1;
			remoteGlobalIDString = BA7E53B01E3F777C001CA657;
			remoteInfo = TestRunner;
		};
		BAAB07751EF13C2A006F1DCE /* PBXContainerItemProxy */ = {
			isa = PBXContainerItemProxy;
			containerPortal = BA7E53A91E3F777C001CA657 /* Project object */;
			proxyType = 1;
			remoteGlobalIDString = BA7E53B01E3F777C001CA657;
			remoteInfo = TestRunner;
		};
		BAB4FC291FB4B8930045F3CB /* PBXContainerItemProxy */ = {
			isa = PBXContainerItemProxy;
			containerPortal = BA7E53A91E3F777C001CA657 /* Project object */;
			proxyType = 1;
			remoteGlobalIDString = BA7E53B01E3F777C001CA657;
			remoteInfo = TestRunner;
		};
/* End PBXContainerItemProxy section */

/* Begin PBXFileReference section */
		02668E3008536679B865D02B /* Pods_ReporterTests.framework */ = {isa = PBXFileReference; explicitFileType = wrapper.framework; includeInIndex = 0; path = Pods_ReporterTests.framework; sourceTree = BUILT_PRODUCTS_DIR; };
		0DE11828278B6C5FC1FB3FA9 /* Pods-WidgetTests.debug.xcconfig */ = {isa = PBXFileReference; includeInIndex = 1; lastKnownFileType = text.xcconfig; name = "Pods-WidgetTests.debug.xcconfig"; path = "Pods/Target Support Files/Pods-WidgetTests/Pods-WidgetTests.debug.xcconfig"; sourceTree = "<group>"; };
		0E3CC30650942A502887FC5A /* Pods-ReporterTests.debug.xcconfig */ = {isa = PBXFileReference; includeInIndex = 1; lastKnownFileType = text.xcconfig; name = "Pods-ReporterTests.debug.xcconfig"; path = "Pods/Target Support Files/Pods-ReporterTests/Pods-ReporterTests.debug.xcconfig"; sourceTree = "<group>"; };
		1097B83AD3CA369A3524B82E /* Pods-UITests.debug.xcconfig */ = {isa = PBXFileReference; includeInIndex = 1; lastKnownFileType = text.xcconfig; name = "Pods-UITests.debug.xcconfig"; path = "Pods/Target Support Files/Pods-UITests/Pods-UITests.debug.xcconfig"; sourceTree = "<group>"; };
		211E02DC9E32CF7ECD45D025 /* Pods_TestRunner.framework */ = {isa = PBXFileReference; explicitFileType = wrapper.framework; includeInIndex = 0; path = Pods_TestRunner.framework; sourceTree = BUILT_PRODUCTS_DIR; };
		392006A0B4312D63680A494F /* Pods-ReporterSwiftTests.release.xcconfig */ = {isa = PBXFileReference; includeInIndex = 1; lastKnownFileType = text.xcconfig; name = "Pods-ReporterSwiftTests.release.xcconfig"; path = "Pods/Target Support Files/Pods-ReporterSwiftTests/Pods-ReporterSwiftTests.release.xcconfig"; sourceTree = "<group>"; };
		907C4F9349095430604D8EA3 /* Pods-ReporterSwiftTests.debug.xcconfig */ = {isa = PBXFileReference; includeInIndex = 1; lastKnownFileType = text.xcconfig; name = "Pods-ReporterSwiftTests.debug.xcconfig"; path = "Pods/Target Support Files/Pods-ReporterSwiftTests/Pods-ReporterSwiftTests.debug.xcconfig"; sourceTree = "<group>"; };
		9C0E60A5C29FC3E5ADA0FC41 /* Pods_WidgetTests.framework */ = {isa = PBXFileReference; explicitFileType = wrapper.framework; includeInIndex = 0; path = Pods_WidgetTests.framework; sourceTree = BUILT_PRODUCTS_DIR; };
		9E6FB93D855A366C544D6C28 /* Pods-ReporterTests.release.xcconfig */ = {isa = PBXFileReference; includeInIndex = 1; lastKnownFileType = text.xcconfig; name = "Pods-ReporterTests.release.xcconfig"; path = "Pods/Target Support Files/Pods-ReporterTests/Pods-ReporterTests.release.xcconfig"; sourceTree = "<group>"; };
		A0AB93FF35B66EA48BEA8DE8 /* Pods-UITests.release.xcconfig */ = {isa = PBXFileReference; includeInIndex = 1; lastKnownFileType = text.xcconfig; name = "Pods-UITests.release.xcconfig"; path = "Pods/Target Support Files/Pods-UITests/Pods-UITests.release.xcconfig"; sourceTree = "<group>"; };
		A15BD6CBD519443EBC7B1E17 /* Pods-WidgetTests.release.xcconfig */ = {isa = PBXFileReference; includeInIndex = 1; lastKnownFileType = text.xcconfig; name = "Pods-WidgetTests.release.xcconfig"; path = "Pods/Target Support Files/Pods-WidgetTests/Pods-WidgetTests.release.xcconfig"; sourceTree = "<group>"; };
		BA7E53B11E3F777C001CA657 /* TestRunner.app */ = {isa = PBXFileReference; explicitFileType = wrapper.application; includeInIndex = 0; path = TestRunner.app; sourceTree = BUILT_PRODUCTS_DIR; };
		BA7E53B51E3F777C001CA657 /* main.m */ = {isa = PBXFileReference; lastKnownFileType = sourcecode.c.objc; path = main.m; sourceTree = "<group>"; };
		BA7E53B71E3F777C001CA657 /* AppDelegate.h */ = {isa = PBXFileReference; lastKnownFileType = sourcecode.c.h; path = AppDelegate.h; sourceTree = "<group>"; };
		BA7E53B81E3F777C001CA657 /* AppDelegate.m */ = {isa = PBXFileReference; lastKnownFileType = sourcecode.c.objc; path = AppDelegate.m; sourceTree = "<group>"; };
		BA7E53BA1E3F777C001CA657 /* ViewController.h */ = {isa = PBXFileReference; lastKnownFileType = sourcecode.c.h; path = ViewController.h; sourceTree = "<group>"; };
		BA7E53BB1E3F777C001CA657 /* ViewController.m */ = {isa = PBXFileReference; lastKnownFileType = sourcecode.c.objc; path = ViewController.m; sourceTree = "<group>"; };
		BA7E53BE1E3F777C001CA657 /* Base */ = {isa = PBXFileReference; lastKnownFileType = file.storyboard; name = Base; path = Base.lproj/Main.storyboard; sourceTree = "<group>"; };
		BA7E53C01E3F777C001CA657 /* Assets.xcassets */ = {isa = PBXFileReference; lastKnownFileType = folder.assetcatalog; path = Assets.xcassets; sourceTree = "<group>"; };
		BA7E53C31E3F777C001CA657 /* Base */ = {isa = PBXFileReference; lastKnownFileType = file.storyboard; name = Base; path = Base.lproj/LaunchScreen.storyboard; sourceTree = "<group>"; };
		BA7E53C51E3F777C001CA657 /* Info.plist */ = {isa = PBXFileReference; lastKnownFileType = text.plist.xml; path = Info.plist; sourceTree = "<group>"; };
		BA7E53D91E3F78F0001CA657 /* FITAWebWidget+TestInterface.h */ = {isa = PBXFileReference; fileEncoding = 4; lastKnownFileType = sourcecode.c.h; path = "FITAWebWidget+TestInterface.h"; sourceTree = "<group>"; };
		BA7E53DA1E3F7933001CA657 /* FITAWebWidget+TestInterface.m */ = {isa = PBXFileReference; fileEncoding = 4; lastKnownFileType = sourcecode.c.objc; path = "FITAWebWidget+TestInterface.m"; sourceTree = "<group>"; };
		BA8DBBD9203494640016BA26 /* Info.plist */ = {isa = PBXFileReference; lastKnownFileType = text.plist.xml; name = Info.plist; path = ReporterSwiftTests/Info.plist; sourceTree = SOURCE_ROOT; };
		BA8DBBEC2034969A0016BA26 /* ReporterSwiftTests.xctest */ = {isa = PBXFileReference; explicitFileType = wrapper.cfbundle; includeInIndex = 0; path = ReporterSwiftTests.xctest; sourceTree = BUILT_PRODUCTS_DIR; };
		BAAB07701EF13C2A006F1DCE /* WidgetTests.xctest */ = {isa = PBXFileReference; explicitFileType = wrapper.cfbundle; includeInIndex = 0; path = WidgetTests.xctest; sourceTree = BUILT_PRODUCTS_DIR; };
		BAAB07721EF13C2A006F1DCE /* WidgetTests.m */ = {isa = PBXFileReference; lastKnownFileType = sourcecode.c.objc; path = WidgetTests.m; sourceTree = "<group>"; };
		BAAB07741EF13C2A006F1DCE /* Info.plist */ = {isa = PBXFileReference; lastKnownFileType = text.plist.xml; path = Info.plist; sourceTree = "<group>"; };
		BAAB077A1EF14BDD006F1DCE /* WidgetTestCase.h */ = {isa = PBXFileReference; fileEncoding = 4; lastKnownFileType = sourcecode.c.h; path = WidgetTestCase.h; sourceTree = "<group>"; };
		BAAB077B1EF14BE6006F1DCE /* WidgetTestCase.m */ = {isa = PBXFileReference; fileEncoding = 4; lastKnownFileType = sourcecode.c.objc; path = WidgetTestCase.m; sourceTree = "<group>"; };
		BAB4FC001FB49FDF0045F3CB /* ReporterTestCase.m */ = {isa = PBXFileReference; fileEncoding = 4; lastKnownFileType = sourcecode.c.objc; path = ReporterTestCase.m; sourceTree = "<group>"; };
		BAB4FC081FB4A04B0045F3CB /* ReporterTests.m */ = {isa = PBXFileReference; lastKnownFileType = sourcecode.c.objc; path = ReporterTests.m; sourceTree = "<group>"; };
		BAB4FC0A1FB4A04B0045F3CB /* Info.plist */ = {isa = PBXFileReference; lastKnownFileType = text.plist.xml; path = Info.plist; sourceTree = "<group>"; };
		BAB4FC101FB4A1910045F3CB /* ReporterTestCase.h */ = {isa = PBXFileReference; lastKnownFileType = sourcecode.c.h; path = ReporterTestCase.h; sourceTree = "<group>"; };
		BAB4FC241FB4B8920045F3CB /* ReporterTests.xctest */ = {isa = PBXFileReference; explicitFileType = wrapper.cfbundle; includeInIndex = 0; path = ReporterTests.xctest; sourceTree = BUILT_PRODUCTS_DIR; };
		BAB4FC2F1FB4BA0E0045F3CB /* FITAPurchaseReporter+TestInterface.h */ = {isa = PBXFileReference; lastKnownFileType = sourcecode.c.h; path = "FITAPurchaseReporter+TestInterface.h"; sourceTree = "<group>"; };
		BAB4FC301FB4BA7B0045F3CB /* FITAPurchaseReporter+TestInterface.m */ = {isa = PBXFileReference; fileEncoding = 4; lastKnownFileType = sourcecode.c.objc; path = "FITAPurchaseReporter+TestInterface.m"; sourceTree = "<group>"; };
		BAB6C116203346EE006450A2 /* ReporterSwiftTests-Bridging-Header.h */ = {isa = PBXFileReference; lastKnownFileType = sourcecode.c.h; name = "ReporterSwiftTests-Bridging-Header.h"; path = "ReporterSwiftTests/ReporterSwiftTests-Bridging-Header.h"; sourceTree = SOURCE_ROOT; };
		BAB6C117203346EF006450A2 /* ReporterSwiftTests.swift */ = {isa = PBXFileReference; lastKnownFileType = sourcecode.swift; name = ReporterSwiftTests.swift; path = ReporterSwiftTests/ReporterSwiftTests.swift; sourceTree = SOURCE_ROOT; };
		D34F55E4C972AF3A0EBC2EC8 /* Pods_UITests.framework */ = {isa = PBXFileReference; explicitFileType = wrapper.framework; includeInIndex = 0; path = Pods_UITests.framework; sourceTree = BUILT_PRODUCTS_DIR; };
		DBD32B555955A343741493EF /* Pods_ReporterSwiftTests.framework */ = {isa = PBXFileReference; explicitFileType = wrapper.framework; includeInIndex = 0; path = Pods_ReporterSwiftTests.framework; sourceTree = BUILT_PRODUCTS_DIR; };
		E2D0C70286678452D86C0F9D /* Pods-TestRunner.release.xcconfig */ = {isa = PBXFileReference; includeInIndex = 1; lastKnownFileType = text.xcconfig; name = "Pods-TestRunner.release.xcconfig"; path = "Pods/Target Support Files/Pods-TestRunner/Pods-TestRunner.release.xcconfig"; sourceTree = "<group>"; };
		E32708061CB96D32E78F89E7 /* Pods-TestRunner.debug.xcconfig */ = {isa = PBXFileReference; includeInIndex = 1; lastKnownFileType = text.xcconfig; name = "Pods-TestRunner.debug.xcconfig"; path = "Pods/Target Support Files/Pods-TestRunner/Pods-TestRunner.debug.xcconfig"; sourceTree = "<group>"; };
/* End PBXFileReference section */

/* Begin PBXFrameworksBuildPhase section */
		BA7E53AE1E3F777C001CA657 /* Frameworks */ = {
			isa = PBXFrameworksBuildPhase;
			buildActionMask = 2147483647;
			files = (
				A7EEAD5C5CBF0F627E60F63B /* Pods_TestRunner.framework in Frameworks */,
			);
			runOnlyForDeploymentPostprocessing = 0;
		};
		BA8DBBE92034969A0016BA26 /* Frameworks */ = {
			isa = PBXFrameworksBuildPhase;
			buildActionMask = 2147483647;
			files = (
				D73DAC383F2910B1A0FD4F84 /* Pods_ReporterSwiftTests.framework in Frameworks */,
			);
			runOnlyForDeploymentPostprocessing = 0;
		};
		BAAB076D1EF13C2A006F1DCE /* Frameworks */ = {
			isa = PBXFrameworksBuildPhase;
			buildActionMask = 2147483647;
			files = (
				A24C00BA68F422EF68FE7CD9 /* Pods_WidgetTests.framework in Frameworks */,
			);
			runOnlyForDeploymentPostprocessing = 0;
		};
		BAB4FC211FB4B8920045F3CB /* Frameworks */ = {
			isa = PBXFrameworksBuildPhase;
			buildActionMask = 2147483647;
			files = (
				374D58ED9E38C1F1E3856688 /* Pods_ReporterTests.framework in Frameworks */,
			);
			runOnlyForDeploymentPostprocessing = 0;
		};
/* End PBXFrameworksBuildPhase section */

/* Begin PBXGroup section */
		0CE7160BCFBE2222D0D145C0 /* Frameworks */ = {
			isa = PBXGroup;
			children = (
				211E02DC9E32CF7ECD45D025 /* Pods_TestRunner.framework */,
				D34F55E4C972AF3A0EBC2EC8 /* Pods_UITests.framework */,
				9C0E60A5C29FC3E5ADA0FC41 /* Pods_WidgetTests.framework */,
				02668E3008536679B865D02B /* Pods_ReporterTests.framework */,
				DBD32B555955A343741493EF /* Pods_ReporterSwiftTests.framework */,
			);
			name = Frameworks;
			sourceTree = "<group>";
		};
		6E31C40C5671F7AF4731D0F9 /* Pods */ = {
			isa = PBXGroup;
			children = (
				E32708061CB96D32E78F89E7 /* Pods-TestRunner.debug.xcconfig */,
				E2D0C70286678452D86C0F9D /* Pods-TestRunner.release.xcconfig */,
				1097B83AD3CA369A3524B82E /* Pods-UITests.debug.xcconfig */,
				A0AB93FF35B66EA48BEA8DE8 /* Pods-UITests.release.xcconfig */,
				0DE11828278B6C5FC1FB3FA9 /* Pods-WidgetTests.debug.xcconfig */,
				A15BD6CBD519443EBC7B1E17 /* Pods-WidgetTests.release.xcconfig */,
				0E3CC30650942A502887FC5A /* Pods-ReporterTests.debug.xcconfig */,
				9E6FB93D855A366C544D6C28 /* Pods-ReporterTests.release.xcconfig */,
				907C4F9349095430604D8EA3 /* Pods-ReporterSwiftTests.debug.xcconfig */,
				392006A0B4312D63680A494F /* Pods-ReporterSwiftTests.release.xcconfig */,
			);
			name = Pods;
			sourceTree = "<group>";
		};
		BA7E53A81E3F777C001CA657 = {
			isa = PBXGroup;
			children = (
				BA8DBBD8203494370016BA26 /* ReporterSwiftTests */,
				BA7E53B31E3F777C001CA657 /* TestRunner */,
				BAAB07711EF13C2A006F1DCE /* WidgetTests */,
				BAB4FC071FB4A04B0045F3CB /* ReporterTests */,
				BA7E53B21E3F777C001CA657 /* Products */,
				6E31C40C5671F7AF4731D0F9 /* Pods */,
				0CE7160BCFBE2222D0D145C0 /* Frameworks */,
			);
			sourceTree = "<group>";
		};
		BA7E53B21E3F777C001CA657 /* Products */ = {
			isa = PBXGroup;
			children = (
				BA7E53B11E3F777C001CA657 /* TestRunner.app */,
				BAAB07701EF13C2A006F1DCE /* WidgetTests.xctest */,
				BAB4FC241FB4B8920045F3CB /* ReporterTests.xctest */,
				BA8DBBEC2034969A0016BA26 /* ReporterSwiftTests.xctest */,
			);
			name = Products;
			sourceTree = "<group>";
		};
		BA7E53B31E3F777C001CA657 /* TestRunner */ = {
			isa = PBXGroup;
			children = (
				BA7E53B71E3F777C001CA657 /* AppDelegate.h */,
				BA7E53B81E3F777C001CA657 /* AppDelegate.m */,
				BA7E53BA1E3F777C001CA657 /* ViewController.h */,
				BA7E53BB1E3F777C001CA657 /* ViewController.m */,
				BA7E53C01E3F777C001CA657 /* Assets.xcassets */,
				BA7E53BD1E3F777C001CA657 /* Main.storyboard */,
				BA7E53C21E3F777C001CA657 /* LaunchScreen.storyboard */,
				BA7E53C51E3F777C001CA657 /* Info.plist */,
				BA7E53B41E3F777C001CA657 /* Supporting Files */,
				BA7E53D91E3F78F0001CA657 /* FITAWebWidget+TestInterface.h */,
				BA7E53DA1E3F7933001CA657 /* FITAWebWidget+TestInterface.m */,
				BAB4FC2F1FB4BA0E0045F3CB /* FITAPurchaseReporter+TestInterface.h */,
				BAB4FC301FB4BA7B0045F3CB /* FITAPurchaseReporter+TestInterface.m */,
			);
			path = TestRunner;
			sourceTree = "<group>";
		};
		BA7E53B41E3F777C001CA657 /* Supporting Files */ = {
			isa = PBXGroup;
			children = (
				BA7E53B51E3F777C001CA657 /* main.m */,
			);
			name = "Supporting Files";
			sourceTree = "<group>";
		};
		BA8DBBD8203494370016BA26 /* ReporterSwiftTests */ = {
			isa = PBXGroup;
			children = (
				BA8DBBD9203494640016BA26 /* Info.plist */,
				BAB6C116203346EE006450A2 /* ReporterSwiftTests-Bridging-Header.h */,
				BAB6C117203346EF006450A2 /* ReporterSwiftTests.swift */,
			);
			path = ReporterSwiftTests;
			sourceTree = SOURCE_ROOT;
		};
		BAAB07711EF13C2A006F1DCE /* WidgetTests */ = {
			isa = PBXGroup;
			children = (
				BAAB077B1EF14BE6006F1DCE /* WidgetTestCase.m */,
				BAAB077A1EF14BDD006F1DCE /* WidgetTestCase.h */,
				BAAB07721EF13C2A006F1DCE /* WidgetTests.m */,
				BAAB07741EF13C2A006F1DCE /* Info.plist */,
			);
			path = WidgetTests;
			sourceTree = "<group>";
		};
		BAB4FC071FB4A04B0045F3CB /* ReporterTests */ = {
			isa = PBXGroup;
			children = (
				BAB4FC001FB49FDF0045F3CB /* ReporterTestCase.m */,
				BAB4FC081FB4A04B0045F3CB /* ReporterTests.m */,
				BAB4FC0A1FB4A04B0045F3CB /* Info.plist */,
				BAB4FC101FB4A1910045F3CB /* ReporterTestCase.h */,
			);
			path = ReporterTests;
			sourceTree = "<group>";
		};
/* End PBXGroup section */

/* Begin PBXNativeTarget section */
		BA7E53B01E3F777C001CA657 /* TestRunner */ = {
			isa = PBXNativeTarget;
			buildConfigurationList = BA7E53D31E3F777C001CA657 /* Build configuration list for PBXNativeTarget "TestRunner" */;
			buildPhases = (
				CA43714B410CF61379EB4B08 /* [CP] Check Pods Manifest.lock */,
				BA7E53AD1E3F777C001CA657 /* Sources */,
				BA7E53AE1E3F777C001CA657 /* Frameworks */,
				BA7E53AF1E3F777C001CA657 /* Resources */,
				7B55FD1015C03BDC4BE235E4 /* [CP] Embed Pods Frameworks */,
				2923FF9541F12C2A5363E37F /* [CP] Copy Pods Resources */,
			);
			buildRules = (
			);
			dependencies = (
			);
			name = TestRunner;
			productName = TestRunner;
			productReference = BA7E53B11E3F777C001CA657 /* TestRunner.app */;
			productType = "com.apple.product-type.application";
		};
		BA8DBBEB2034969A0016BA26 /* ReporterSwiftTests */ = {
			isa = PBXNativeTarget;
			buildConfigurationList = BA8DBBF32034969A0016BA26 /* Build configuration list for PBXNativeTarget "ReporterSwiftTests" */;
			buildPhases = (
				19CA21D4CD17A878D11FF9AB /* [CP] Check Pods Manifest.lock */,
				BA8DBBE82034969A0016BA26 /* Sources */,
				BA8DBBE92034969A0016BA26 /* Frameworks */,
				BA8DBBEA2034969A0016BA26 /* Resources */,
				B8A2F3EA02BCCEAA0E406747 /* [CP] Embed Pods Frameworks */,
				99913799CD76AA9D09BC3136 /* [CP] Copy Pods Resources */,
			);
			buildRules = (
			);
			dependencies = (
				BA8DBBF22034969A0016BA26 /* PBXTargetDependency */,
			);
			name = ReporterSwiftTests;
			productName = ReporterSwiftTests;
			productReference = BA8DBBEC2034969A0016BA26 /* ReporterSwiftTests.xctest */;
			productType = "com.apple.product-type.bundle.unit-test";
		};
		BAAB076F1EF13C2A006F1DCE /* WidgetTests */ = {
			isa = PBXNativeTarget;
			buildConfigurationList = BAAB07771EF13C2A006F1DCE /* Build configuration list for PBXNativeTarget "WidgetTests" */;
			buildPhases = (
				708176EA29AD93FA8F8252BC /* [CP] Check Pods Manifest.lock */,
				BAAB076C1EF13C2A006F1DCE /* Sources */,
				BAAB076D1EF13C2A006F1DCE /* Frameworks */,
				BAAB076E1EF13C2A006F1DCE /* Resources */,
				8FC4CE2390AA51E3978BCA79 /* [CP] Embed Pods Frameworks */,
				C50B58AC471ABE4DA441EE61 /* [CP] Copy Pods Resources */,
			);
			buildRules = (
			);
			dependencies = (
				BAAB07761EF13C2A006F1DCE /* PBXTargetDependency */,
			);
			name = WidgetTests;
			productName = WidgetTests;
			productReference = BAAB07701EF13C2A006F1DCE /* WidgetTests.xctest */;
			productType = "com.apple.product-type.bundle.unit-test";
		};
		BAB4FC231FB4B8920045F3CB /* ReporterTests */ = {
			isa = PBXNativeTarget;
			buildConfigurationList = BAB4FC2B1FB4B8930045F3CB /* Build configuration list for PBXNativeTarget "ReporterTests" */;
			buildPhases = (
				E587121BFEE0DC4C627FC956 /* [CP] Check Pods Manifest.lock */,
				BAB4FC201FB4B8920045F3CB /* Sources */,
				BAB4FC211FB4B8920045F3CB /* Frameworks */,
				BAB4FC221FB4B8920045F3CB /* Resources */,
				AA5FE2E0635EB296F604329D /* [CP] Embed Pods Frameworks */,
				12FCDC0D28BFB41009A643F3 /* [CP] Copy Pods Resources */,
			);
			buildRules = (
			);
			dependencies = (
				BAB4FC2A1FB4B8930045F3CB /* PBXTargetDependency */,
			);
			name = ReporterTests;
			productName = ReporterTests;
			productReference = BAB4FC241FB4B8920045F3CB /* ReporterTests.xctest */;
			productType = "com.apple.product-type.bundle.unit-test";
		};
/* End PBXNativeTarget section */

/* Begin PBXProject section */
		BA7E53A91E3F777C001CA657 /* Project object */ = {
			isa = PBXProject;
			attributes = {
				LastSwiftUpdateCheck = 0920;
				LastUpgradeCheck = 0800;
				ORGANIZATIONNAME = FitAnalytics;
				TargetAttributes = {
					BA7E53B01E3F777C001CA657 = {
						CreatedOnToolsVersion = 8.0;
						DevelopmentTeam = 6R6H7839X5;
						ProvisioningStyle = Automatic;
					};
					BA8DBBEB2034969A0016BA26 = {
						CreatedOnToolsVersion = 9.2;
						DevelopmentTeam = 6R6H7839X5;
						ProvisioningStyle = Automatic;
						TestTargetID = BA7E53B01E3F777C001CA657;
					};
					BAAB076F1EF13C2A006F1DCE = {
						CreatedOnToolsVersion = 8.3.2;
						DevelopmentTeam = 6R6H7839X5;
						ProvisioningStyle = Automatic;
						TestTargetID = BA7E53B01E3F777C001CA657;
					};
					BAB4FC231FB4B8920045F3CB = {
						CreatedOnToolsVersion = 8.3.3;
						DevelopmentTeam = 6R6H7839X5;
						LastSwiftMigration = 0920;
						ProvisioningStyle = Automatic;
						TestTargetID = BA7E53B01E3F777C001CA657;
					};
				};
			};
			buildConfigurationList = BA7E53AC1E3F777C001CA657 /* Build configuration list for PBXProject "TestRunner" */;
			compatibilityVersion = "Xcode 3.2";
			developmentRegion = English;
			hasScannedForEncodings = 0;
			knownRegions = (
				en,
				Base,
			);
			mainGroup = BA7E53A81E3F777C001CA657;
			productRefGroup = BA7E53B21E3F777C001CA657 /* Products */;
			projectDirPath = "";
			projectRoot = "";
			targets = (
				BA7E53B01E3F777C001CA657 /* TestRunner */,
				BAAB076F1EF13C2A006F1DCE /* WidgetTests */,
				BAB4FC231FB4B8920045F3CB /* ReporterTests */,
				BA8DBBEB2034969A0016BA26 /* ReporterSwiftTests */,
			);
		};
/* End PBXProject section */

/* Begin PBXResourcesBuildPhase section */
		BA7E53AF1E3F777C001CA657 /* Resources */ = {
			isa = PBXResourcesBuildPhase;
			buildActionMask = 2147483647;
			files = (
				BA7E53C41E3F777C001CA657 /* LaunchScreen.storyboard in Resources */,
				BA7E53C11E3F777C001CA657 /* Assets.xcassets in Resources */,
				BA7E53BF1E3F777C001CA657 /* Main.storyboard in Resources */,
			);
			runOnlyForDeploymentPostprocessing = 0;
		};
		BA8DBBEA2034969A0016BA26 /* Resources */ = {
			isa = PBXResourcesBuildPhase;
			buildActionMask = 2147483647;
			files = (
				BA8DBBF6203497BF0016BA26 /* Info.plist in Resources */,
			);
			runOnlyForDeploymentPostprocessing = 0;
		};
		BAAB076E1EF13C2A006F1DCE /* Resources */ = {
			isa = PBXResourcesBuildPhase;
			buildActionMask = 2147483647;
			files = (
			);
			runOnlyForDeploymentPostprocessing = 0;
		};
		BAB4FC221FB4B8920045F3CB /* Resources */ = {
			isa = PBXResourcesBuildPhase;
			buildActionMask = 2147483647;
			files = (
			);
			runOnlyForDeploymentPostprocessing = 0;
		};
/* End PBXResourcesBuildPhase section */

/* Begin PBXShellScriptBuildPhase section */
		12FCDC0D28BFB41009A643F3 /* [CP] Copy Pods Resources */ = {
			isa = PBXShellScriptBuildPhase;
			buildActionMask = 2147483647;
			files = (
			);
			inputPaths = (
			);
			name = "[CP] Copy Pods Resources";
			outputPaths = (
			);
			runOnlyForDeploymentPostprocessing = 0;
			shellPath = /bin/sh;
			shellScript = "\"${SRCROOT}/Pods/Target Support Files/Pods-ReporterTests/Pods-ReporterTests-resources.sh\"\n";
			showEnvVarsInLog = 0;
		};
		19CA21D4CD17A878D11FF9AB /* [CP] Check Pods Manifest.lock */ = {
			isa = PBXShellScriptBuildPhase;
			buildActionMask = 2147483647;
			files = (
			);
			inputPaths = (
			);
			name = "[CP] Check Pods Manifest.lock";
			outputPaths = (
			);
			runOnlyForDeploymentPostprocessing = 0;
			shellPath = /bin/sh;
			shellScript = "diff \"${PODS_PODFILE_DIR_PATH}/Podfile.lock\" \"${PODS_ROOT}/Manifest.lock\" > /dev/null\nif [ $? != 0 ] ; then\n    # print error to STDERR\n    echo \"error: The sandbox is not in sync with the Podfile.lock. Run 'pod install' or update your CocoaPods installation.\" >&2\n    exit 1\nfi\n";
			showEnvVarsInLog = 0;
		};
		2923FF9541F12C2A5363E37F /* [CP] Copy Pods Resources */ = {
			isa = PBXShellScriptBuildPhase;
			buildActionMask = 2147483647;
			files = (
			);
			inputPaths = (
			);
			name = "[CP] Copy Pods Resources";
			outputPaths = (
			);
			runOnlyForDeploymentPostprocessing = 0;
			shellPath = /bin/sh;
			shellScript = "\"${SRCROOT}/Pods/Target Support Files/Pods-TestRunner/Pods-TestRunner-resources.sh\"\n";
			showEnvVarsInLog = 0;
		};
		708176EA29AD93FA8F8252BC /* [CP] Check Pods Manifest.lock */ = {
			isa = PBXShellScriptBuildPhase;
			buildActionMask = 2147483647;
			files = (
			);
			inputPaths = (
			);
			name = "[CP] Check Pods Manifest.lock";
			outputPaths = (
			);
			runOnlyForDeploymentPostprocessing = 0;
			shellPath = /bin/sh;
			shellScript = "diff \"${PODS_PODFILE_DIR_PATH}/Podfile.lock\" \"${PODS_ROOT}/Manifest.lock\" > /dev/null\nif [ $? != 0 ] ; then\n    # print error to STDERR\n    echo \"error: The sandbox is not in sync with the Podfile.lock. Run 'pod install' or update your CocoaPods installation.\" >&2\n    exit 1\nfi\n";
			showEnvVarsInLog = 0;
		};
		7B55FD1015C03BDC4BE235E4 /* [CP] Embed Pods Frameworks */ = {
			isa = PBXShellScriptBuildPhase;
			buildActionMask = 2147483647;
			files = (
			);
			inputPaths = (
			);
			name = "[CP] Embed Pods Frameworks";
			outputPaths = (
			);
			runOnlyForDeploymentPostprocessing = 0;
			shellPath = /bin/sh;
			shellScript = "\"${SRCROOT}/Pods/Target Support Files/Pods-TestRunner/Pods-TestRunner-frameworks.sh\"\n";
			showEnvVarsInLog = 0;
		};
		8FC4CE2390AA51E3978BCA79 /* [CP] Embed Pods Frameworks */ = {
			isa = PBXShellScriptBuildPhase;
			buildActionMask = 2147483647;
			files = (
			);
			inputPaths = (
			);
			name = "[CP] Embed Pods Frameworks";
			outputPaths = (
			);
			runOnlyForDeploymentPostprocessing = 0;
			shellPath = /bin/sh;
			shellScript = "\"${SRCROOT}/Pods/Target Support Files/Pods-WidgetTests/Pods-WidgetTests-frameworks.sh\"\n";
			showEnvVarsInLog = 0;
		};
		99913799CD76AA9D09BC3136 /* [CP] Copy Pods Resources */ = {
			isa = PBXShellScriptBuildPhase;
			buildActionMask = 2147483647;
			files = (
			);
			inputPaths = (
			);
			name = "[CP] Copy Pods Resources";
			outputPaths = (
			);
			runOnlyForDeploymentPostprocessing = 0;
			shellPath = /bin/sh;
			shellScript = "\"${SRCROOT}/Pods/Target Support Files/Pods-ReporterSwiftTests/Pods-ReporterSwiftTests-resources.sh\"\n";
			showEnvVarsInLog = 0;
		};
		AA5FE2E0635EB296F604329D /* [CP] Embed Pods Frameworks */ = {
			isa = PBXShellScriptBuildPhase;
			buildActionMask = 2147483647;
			files = (
			);
			inputPaths = (
			);
			name = "[CP] Embed Pods Frameworks";
			outputPaths = (
			);
			runOnlyForDeploymentPostprocessing = 0;
			shellPath = /bin/sh;
			shellScript = "\"${SRCROOT}/Pods/Target Support Files/Pods-ReporterTests/Pods-ReporterTests-frameworks.sh\"\n";
			showEnvVarsInLog = 0;
		};
		B8A2F3EA02BCCEAA0E406747 /* [CP] Embed Pods Frameworks */ = {
			isa = PBXShellScriptBuildPhase;
			buildActionMask = 2147483647;
			files = (
			);
			inputPaths = (
			);
			name = "[CP] Embed Pods Frameworks";
			outputPaths = (
			);
			runOnlyForDeploymentPostprocessing = 0;
			shellPath = /bin/sh;
			shellScript = "\"${SRCROOT}/Pods/Target Support Files/Pods-ReporterSwiftTests/Pods-ReporterSwiftTests-frameworks.sh\"\n";
			showEnvVarsInLog = 0;
		};
		C50B58AC471ABE4DA441EE61 /* [CP] Copy Pods Resources */ = {
			isa = PBXShellScriptBuildPhase;
			buildActionMask = 2147483647;
			files = (
			);
			inputPaths = (
			);
			name = "[CP] Copy Pods Resources";
			outputPaths = (
			);
			runOnlyForDeploymentPostprocessing = 0;
			shellPath = /bin/sh;
			shellScript = "\"${SRCROOT}/Pods/Target Support Files/Pods-WidgetTests/Pods-WidgetTests-resources.sh\"\n";
			showEnvVarsInLog = 0;
		};
		CA43714B410CF61379EB4B08 /* [CP] Check Pods Manifest.lock */ = {
			isa = PBXShellScriptBuildPhase;
			buildActionMask = 2147483647;
			files = (
			);
			inputPaths = (
			);
			name = "[CP] Check Pods Manifest.lock";
			outputPaths = (
			);
			runOnlyForDeploymentPostprocessing = 0;
			shellPath = /bin/sh;
			shellScript = "diff \"${PODS_PODFILE_DIR_PATH}/Podfile.lock\" \"${PODS_ROOT}/Manifest.lock\" > /dev/null\nif [ $? != 0 ] ; then\n    # print error to STDERR\n    echo \"error: The sandbox is not in sync with the Podfile.lock. Run 'pod install' or update your CocoaPods installation.\" >&2\n    exit 1\nfi\n";
			showEnvVarsInLog = 0;
		};
		E587121BFEE0DC4C627FC956 /* [CP] Check Pods Manifest.lock */ = {
			isa = PBXShellScriptBuildPhase;
			buildActionMask = 2147483647;
			files = (
			);
			inputPaths = (
			);
			name = "[CP] Check Pods Manifest.lock";
			outputPaths = (
			);
			runOnlyForDeploymentPostprocessing = 0;
			shellPath = /bin/sh;
			shellScript = "diff \"${PODS_PODFILE_DIR_PATH}/Podfile.lock\" \"${PODS_ROOT}/Manifest.lock\" > /dev/null\nif [ $? != 0 ] ; then\n    # print error to STDERR\n    echo \"error: The sandbox is not in sync with the Podfile.lock. Run 'pod install' or update your CocoaPods installation.\" >&2\n    exit 1\nfi\n";
			showEnvVarsInLog = 0;
		};
/* End PBXShellScriptBuildPhase section */

/* Begin PBXSourcesBuildPhase section */
		BA7E53AD1E3F777C001CA657 /* Sources */ = {
			isa = PBXSourcesBuildPhase;
			buildActionMask = 2147483647;
			files = (
				BA7E53BC1E3F777C001CA657 /* ViewController.m in Sources */,
				BA7E53B91E3F777C001CA657 /* AppDelegate.m in Sources */,
				BAB4FC311FB4BA7B0045F3CB /* FITAPurchaseReporter+TestInterface.m in Sources */,
				BA7E53DB1E3F7933001CA657 /* FITAWebWidget+TestInterface.m in Sources */,
				BA7E53B61E3F777C001CA657 /* main.m in Sources */,
			);
			runOnlyForDeploymentPostprocessing = 0;
		};
		BA8DBBE82034969A0016BA26 /* Sources */ = {
			isa = PBXSourcesBuildPhase;
			buildActionMask = 2147483647;
			files = (
				BA8DBBF7203497EE0016BA26 /* ReporterSwiftTests.swift in Sources */,
			);
			runOnlyForDeploymentPostprocessing = 0;
		};
		BAAB076C1EF13C2A006F1DCE /* Sources */ = {
			isa = PBXSourcesBuildPhase;
			buildActionMask = 2147483647;
			files = (
				BAAB07731EF13C2A006F1DCE /* WidgetTests.m in Sources */,
				BAAB077C1EF14BE6006F1DCE /* WidgetTestCase.m in Sources */,
			);
			runOnlyForDeploymentPostprocessing = 0;
		};
		BAB4FC201FB4B8920045F3CB /* Sources */ = {
			isa = PBXSourcesBuildPhase;
			buildActionMask = 2147483647;
			files = (
				BA8C88C81FD1B0DB006DC3DB /* ReporterTests.m in Sources */,
				BAB4FC2E1FB4B8A80045F3CB /* ReporterTestCase.m in Sources */,
			);
			runOnlyForDeploymentPostprocessing = 0;
		};
/* End PBXSourcesBuildPhase section */

/* Begin PBXTargetDependency section */
		BA8DBBF22034969A0016BA26 /* PBXTargetDependency */ = {
			isa = PBXTargetDependency;
			target = BA7E53B01E3F777C001CA657 /* TestRunner */;
			targetProxy = BA8DBBF12034969A0016BA26 /* PBXContainerItemProxy */;
		};
		BAAB07761EF13C2A006F1DCE /* PBXTargetDependency */ = {
			isa = PBXTargetDependency;
			target = BA7E53B01E3F777C001CA657 /* TestRunner */;
			targetProxy = BAAB07751EF13C2A006F1DCE /* PBXContainerItemProxy */;
		};
		BAB4FC2A1FB4B8930045F3CB /* PBXTargetDependency */ = {
			isa = PBXTargetDependency;
			target = BA7E53B01E3F777C001CA657 /* TestRunner */;
			targetProxy = BAB4FC291FB4B8930045F3CB /* PBXContainerItemProxy */;
		};
/* End PBXTargetDependency section */

/* Begin PBXVariantGroup section */
		BA7E53BD1E3F777C001CA657 /* Main.storyboard */ = {
			isa = PBXVariantGroup;
			children = (
				BA7E53BE1E3F777C001CA657 /* Base */,
			);
			name = Main.storyboard;
			sourceTree = "<group>";
		};
		BA7E53C21E3F777C001CA657 /* LaunchScreen.storyboard */ = {
			isa = PBXVariantGroup;
			children = (
				BA7E53C31E3F777C001CA657 /* Base */,
			);
			name = LaunchScreen.storyboard;
			sourceTree = "<group>";
		};
/* End PBXVariantGroup section */

/* Begin XCBuildConfiguration section */
		BA7E53D11E3F777C001CA657 /* Debug */ = {
			isa = XCBuildConfiguration;
			buildSettings = {
				ALWAYS_SEARCH_USER_PATHS = NO;
				CLANG_ANALYZER_NONNULL = YES;
				CLANG_CXX_LANGUAGE_STANDARD = "gnu++0x";
				CLANG_CXX_LIBRARY = "libc++";
				CLANG_ENABLE_MODULES = YES;
				CLANG_ENABLE_OBJC_ARC = YES;
				CLANG_WARN_BOOL_CONVERSION = YES;
				CLANG_WARN_CONSTANT_CONVERSION = YES;
				CLANG_WARN_DIRECT_OBJC_ISA_USAGE = YES_ERROR;
				CLANG_WARN_DOCUMENTATION_COMMENTS = YES;
				CLANG_WARN_EMPTY_BODY = YES;
				CLANG_WARN_ENUM_CONVERSION = YES;
				CLANG_WARN_INFINITE_RECURSION = YES;
				CLANG_WARN_INT_CONVERSION = YES;
				CLANG_WARN_OBJC_ROOT_CLASS = YES_ERROR;
				CLANG_WARN_SUSPICIOUS_MOVES = YES;
				CLANG_WARN_UNREACHABLE_CODE = YES;
				CLANG_WARN__DUPLICATE_METHOD_MATCH = YES;
				"CODE_SIGN_IDENTITY[sdk=iphoneos*]" = "iPhone Developer";
				COPY_PHASE_STRIP = NO;
				DEBUG_INFORMATION_FORMAT = dwarf;
				ENABLE_STRICT_OBJC_MSGSEND = YES;
				ENABLE_TESTABILITY = YES;
				GCC_C_LANGUAGE_STANDARD = gnu99;
				GCC_DYNAMIC_NO_PIC = NO;
				GCC_NO_COMMON_BLOCKS = YES;
				GCC_OPTIMIZATION_LEVEL = 0;
				GCC_PREPROCESSOR_DEFINITIONS = (
					"DEBUG=1",
					"$(inherited)",
				);
				GCC_WARN_64_TO_32_BIT_CONVERSION = YES;
				GCC_WARN_ABOUT_RETURN_TYPE = YES_ERROR;
				GCC_WARN_UNDECLARED_SELECTOR = YES;
				GCC_WARN_UNINITIALIZED_AUTOS = YES_AGGRESSIVE;
				GCC_WARN_UNUSED_FUNCTION = YES;
				GCC_WARN_UNUSED_VARIABLE = YES;
				HEADER_SEARCH_PATHS = "Pods/**";
				IPHONEOS_DEPLOYMENT_TARGET = 10.0;
				MTL_ENABLE_DEBUG_INFO = YES;
				ONLY_ACTIVE_ARCH = YES;
				SDKROOT = iphoneos;
			};
			name = Debug;
		};
		BA7E53D21E3F777C001CA657 /* Release */ = {
			isa = XCBuildConfiguration;
			buildSettings = {
				ALWAYS_SEARCH_USER_PATHS = NO;
				CLANG_ANALYZER_NONNULL = YES;
				CLANG_CXX_LANGUAGE_STANDARD = "gnu++0x";
				CLANG_CXX_LIBRARY = "libc++";
				CLANG_ENABLE_MODULES = YES;
				CLANG_ENABLE_OBJC_ARC = YES;
				CLANG_WARN_BOOL_CONVERSION = YES;
				CLANG_WARN_CONSTANT_CONVERSION = YES;
				CLANG_WARN_DIRECT_OBJC_ISA_USAGE = YES_ERROR;
				CLANG_WARN_DOCUMENTATION_COMMENTS = YES;
				CLANG_WARN_EMPTY_BODY = YES;
				CLANG_WARN_ENUM_CONVERSION = YES;
				CLANG_WARN_INFINITE_RECURSION = YES;
				CLANG_WARN_INT_CONVERSION = YES;
				CLANG_WARN_OBJC_ROOT_CLASS = YES_ERROR;
				CLANG_WARN_SUSPICIOUS_MOVES = YES;
				CLANG_WARN_UNREACHABLE_CODE = YES;
				CLANG_WARN__DUPLICATE_METHOD_MATCH = YES;
				"CODE_SIGN_IDENTITY[sdk=iphoneos*]" = "iPhone Developer";
				COPY_PHASE_STRIP = NO;
				DEBUG_INFORMATION_FORMAT = "dwarf-with-dsym";
				ENABLE_NS_ASSERTIONS = NO;
				ENABLE_STRICT_OBJC_MSGSEND = YES;
				GCC_C_LANGUAGE_STANDARD = gnu99;
				GCC_NO_COMMON_BLOCKS = YES;
				GCC_WARN_64_TO_32_BIT_CONVERSION = YES;
				GCC_WARN_ABOUT_RETURN_TYPE = YES_ERROR;
				GCC_WARN_UNDECLARED_SELECTOR = YES;
				GCC_WARN_UNINITIALIZED_AUTOS = YES_AGGRESSIVE;
				GCC_WARN_UNUSED_FUNCTION = YES;
				GCC_WARN_UNUSED_VARIABLE = YES;
				HEADER_SEARCH_PATHS = "Pods/**";
				IPHONEOS_DEPLOYMENT_TARGET = 10.0;
				MTL_ENABLE_DEBUG_INFO = NO;
				SDKROOT = iphoneos;
				VALIDATE_PRODUCT = YES;
			};
			name = Release;
		};
		BA7E53D41E3F777C001CA657 /* Debug */ = {
			isa = XCBuildConfiguration;
			baseConfigurationReference = E32708061CB96D32E78F89E7 /* Pods-TestRunner.debug.xcconfig */;
			buildSettings = {
				ASSETCATALOG_COMPILER_APPICON_NAME = AppIcon;
				DEVELOPMENT_TEAM = 6R6H7839X5;
				HEADER_SEARCH_PATHS = "";
				INFOPLIST_FILE = TestRunner/Info.plist;
				LD_RUNPATH_SEARCH_PATHS = "$(inherited) @executable_path/Frameworks";
				NEW_SETTING = "";
				PRODUCT_BUNDLE_IDENTIFIER = com.fitanalytics.TestRunner;
				PRODUCT_NAME = "$(TARGET_NAME)";
			};
			name = Debug;
		};
		BA7E53D51E3F777C001CA657 /* Release */ = {
			isa = XCBuildConfiguration;
			baseConfigurationReference = E2D0C70286678452D86C0F9D /* Pods-TestRunner.release.xcconfig */;
			buildSettings = {
				ASSETCATALOG_COMPILER_APPICON_NAME = AppIcon;
				DEVELOPMENT_TEAM = 6R6H7839X5;
				HEADER_SEARCH_PATHS = "";
				INFOPLIST_FILE = TestRunner/Info.plist;
				LD_RUNPATH_SEARCH_PATHS = "$(inherited) @executable_path/Frameworks";
				NEW_SETTING = "";
				PRODUCT_BUNDLE_IDENTIFIER = com.fitanalytics.TestRunner;
				PRODUCT_NAME = "$(TARGET_NAME)";
			};
			name = Release;
		};
		BA8DBBF42034969A0016BA26 /* Debug */ = {
			isa = XCBuildConfiguration;
			baseConfigurationReference = 907C4F9349095430604D8EA3 /* Pods-ReporterSwiftTests.debug.xcconfig */;
			buildSettings = {
				BUNDLE_LOADER = "$(TEST_HOST)";
				CLANG_ANALYZER_NUMBER_OBJECT_CONVERSION = YES_AGGRESSIVE;
				CLANG_CXX_LANGUAGE_STANDARD = "gnu++14";
				CLANG_WARN_BLOCK_CAPTURE_AUTORELEASING = YES;
				CLANG_WARN_COMMA = YES;
				CLANG_WARN_NON_LITERAL_NULL_CONVERSION = YES;
				CLANG_WARN_OBJC_LITERAL_CONVERSION = YES;
				CLANG_WARN_RANGE_LOOP_ANALYSIS = YES;
				CLANG_WARN_STRICT_PROTOTYPES = YES;
				CLANG_WARN_SUSPICIOUS_MOVE = YES;
				CLANG_WARN_UNGUARDED_AVAILABILITY = YES_AGGRESSIVE;
				CODE_SIGN_IDENTITY = "iPhone Developer";
				CODE_SIGN_STYLE = Automatic;
				DEVELOPMENT_TEAM = 6R6H7839X5;
				GCC_C_LANGUAGE_STANDARD = gnu11;
				HEADER_SEARCH_PATHS = (
					"../../FitAnalytics-WebWidget",
					"Pods/**",
				);
				INFOPLIST_FILE = ReporterSwiftTests/Info.plist;
				IPHONEOS_DEPLOYMENT_TARGET = 11.2;
				LD_RUNPATH_SEARCH_PATHS = "$(inherited) @executable_path/Frameworks @loader_path/Frameworks";
				PRODUCT_BUNDLE_IDENTIFIER = com.fitanalytics.ReporterSwiftTests;
				PRODUCT_NAME = "$(TARGET_NAME)";
				SWIFT_ACTIVE_COMPILATION_CONDITIONS = DEBUG;
				SWIFT_OBJC_BRIDGING_HEADER = "ReporterSwiftTests/ReporterSwiftTests-Bridging-Header.h";
				SWIFT_OPTIMIZATION_LEVEL = "-Onone";
				SWIFT_VERSION = 3.0;
				TARGETED_DEVICE_FAMILY = "1,2";
				TEST_HOST = "$(BUILT_PRODUCTS_DIR)/TestRunner.app/TestRunner";
			};
			name = Debug;
		};
		BA8DBBF52034969A0016BA26 /* Release */ = {
			isa = XCBuildConfiguration;
			baseConfigurationReference = 392006A0B4312D63680A494F /* Pods-ReporterSwiftTests.release.xcconfig */;
			buildSettings = {
				BUNDLE_LOADER = "$(TEST_HOST)";
				CLANG_ANALYZER_NUMBER_OBJECT_CONVERSION = YES_AGGRESSIVE;
				CLANG_CXX_LANGUAGE_STANDARD = "gnu++14";
				CLANG_WARN_BLOCK_CAPTURE_AUTORELEASING = YES;
				CLANG_WARN_COMMA = YES;
				CLANG_WARN_NON_LITERAL_NULL_CONVERSION = YES;
				CLANG_WARN_OBJC_LITERAL_CONVERSION = YES;
				CLANG_WARN_RANGE_LOOP_ANALYSIS = YES;
				CLANG_WARN_STRICT_PROTOTYPES = YES;
				CLANG_WARN_SUSPICIOUS_MOVE = YES;
				CLANG_WARN_UNGUARDED_AVAILABILITY = YES_AGGRESSIVE;
				CODE_SIGN_IDENTITY = "iPhone Developer";
				CODE_SIGN_STYLE = Automatic;
				DEVELOPMENT_TEAM = 6R6H7839X5;
				GCC_C_LANGUAGE_STANDARD = gnu11;
				HEADER_SEARCH_PATHS = (
					"../../FitAnalytics-WebWidget",
					"Pods/**",
				);
				INFOPLIST_FILE = ReporterSwiftTests/Info.plist;
				IPHONEOS_DEPLOYMENT_TARGET = 11.2;
				LD_RUNPATH_SEARCH_PATHS = "$(inherited) @executable_path/Frameworks @loader_path/Frameworks";
				PRODUCT_BUNDLE_IDENTIFIER = com.fitanalytics.ReporterSwiftTests;
				PRODUCT_NAME = "$(TARGET_NAME)";
				SWIFT_OBJC_BRIDGING_HEADER = "ReporterSwiftTests/ReporterSwiftTests-Bridging-Header.h";
				SWIFT_OPTIMIZATION_LEVEL = "-Owholemodule";
				SWIFT_VERSION = 3.0;
				TARGETED_DEVICE_FAMILY = "1,2";
				TEST_HOST = "$(BUILT_PRODUCTS_DIR)/TestRunner.app/TestRunner";
			};
			name = Release;
		};
		BAAB07781EF13C2A006F1DCE /* Debug */ = {
			isa = XCBuildConfiguration;
			baseConfigurationReference = 0DE11828278B6C5FC1FB3FA9 /* Pods-WidgetTests.debug.xcconfig */;
			buildSettings = {
				BUNDLE_LOADER = "$(TEST_HOST)";
				CLANG_ANALYZER_NUMBER_OBJECT_CONVERSION = YES_AGGRESSIVE;
				CLANG_WARN_SUSPICIOUS_MOVE = YES;
				DEVELOPMENT_TEAM = 6R6H7839X5;
				INFOPLIST_FILE = WidgetTests/Info.plist;
				IPHONEOS_DEPLOYMENT_TARGET = 10.3;
				LD_RUNPATH_SEARCH_PATHS = "$(inherited) @executable_path/Frameworks @loader_path/Frameworks";
				PRODUCT_BUNDLE_IDENTIFIER = com.fitanalytics.WidgetTests;
				PRODUCT_NAME = "$(TARGET_NAME)";
				TEST_HOST = "$(BUILT_PRODUCTS_DIR)/TestRunner.app/TestRunner";
			};
			name = Debug;
		};
		BAAB07791EF13C2A006F1DCE /* Release */ = {
			isa = XCBuildConfiguration;
			baseConfigurationReference = A15BD6CBD519443EBC7B1E17 /* Pods-WidgetTests.release.xcconfig */;
			buildSettings = {
				BUNDLE_LOADER = "$(TEST_HOST)";
				CLANG_ANALYZER_NUMBER_OBJECT_CONVERSION = YES_AGGRESSIVE;
				CLANG_WARN_SUSPICIOUS_MOVE = YES;
				DEVELOPMENT_TEAM = 6R6H7839X5;
				INFOPLIST_FILE = WidgetTests/Info.plist;
				IPHONEOS_DEPLOYMENT_TARGET = 10.3;
				LD_RUNPATH_SEARCH_PATHS = "$(inherited) @executable_path/Frameworks @loader_path/Frameworks";
				PRODUCT_BUNDLE_IDENTIFIER = com.fitanalytics.WidgetTests;
				PRODUCT_NAME = "$(TARGET_NAME)";
				TEST_HOST = "$(BUILT_PRODUCTS_DIR)/TestRunner.app/TestRunner";
			};
			name = Release;
		};
		BAB4FC2C1FB4B8930045F3CB /* Debug */ = {
			isa = XCBuildConfiguration;
			baseConfigurationReference = 0E3CC30650942A502887FC5A /* Pods-ReporterTests.debug.xcconfig */;
			buildSettings = {
				BUNDLE_LOADER = "$(TEST_HOST)";
				CLANG_ANALYZER_NUMBER_OBJECT_CONVERSION = YES_AGGRESSIVE;
				CLANG_ENABLE_MODULES = YES;
				CLANG_WARN_SUSPICIOUS_MOVE = YES;
				DEVELOPMENT_TEAM = 6R6H7839X5;
				HEADER_SEARCH_PATHS = "../../FitAnalytics-WebWidget";
				INFOPLIST_FILE = ReporterTests/Info.plist;
				IPHONEOS_DEPLOYMENT_TARGET = 10.3;
				LD_RUNPATH_SEARCH_PATHS = "$(inherited) @executable_path/Frameworks @loader_path/Frameworks";
				PRODUCT_BUNDLE_IDENTIFIER = com.fitanalytics.ReporterTests;
				PRODUCT_NAME = "$(TARGET_NAME)";
				SWIFT_OBJC_BRIDGING_HEADER = "ReporterTests/ReporterTests-Bridging-Header.h";
				SWIFT_OPTIMIZATION_LEVEL = "-Onone";
				SWIFT_VERSION = 3.0;
				TEST_HOST = "$(BUILT_PRODUCTS_DIR)/TestRunner.app/TestRunner";
			};
			name = Debug;
		};
		BAB4FC2D1FB4B8930045F3CB /* Release */ = {
			isa = XCBuildConfiguration;
			baseConfigurationReference = 9E6FB93D855A366C544D6C28 /* Pods-ReporterTests.release.xcconfig */;
			buildSettings = {
				BUNDLE_LOADER = "$(TEST_HOST)";
				CLANG_ANALYZER_NUMBER_OBJECT_CONVERSION = YES_AGGRESSIVE;
				CLANG_ENABLE_MODULES = YES;
				CLANG_WARN_SUSPICIOUS_MOVE = YES;
				DEVELOPMENT_TEAM = 6R6H7839X5;
				HEADER_SEARCH_PATHS = "../../FitAnalytics-WebWidget";
				INFOPLIST_FILE = ReporterTests/Info.plist;
				IPHONEOS_DEPLOYMENT_TARGET = 10.3;
				LD_RUNPATH_SEARCH_PATHS = "$(inherited) @executable_path/Frameworks @loader_path/Frameworks";
				PRODUCT_BUNDLE_IDENTIFIER = com.fitanalytics.ReporterTests;
				PRODUCT_NAME = "$(TARGET_NAME)";
				SWIFT_OBJC_BRIDGING_HEADER = "ReporterTests/ReporterTests-Bridging-Header.h";
				SWIFT_VERSION = 3.0;
				TEST_HOST = "$(BUILT_PRODUCTS_DIR)/TestRunner.app/TestRunner";
			};
			name = Release;
		};
/* End XCBuildConfiguration section */

/* Begin XCConfigurationList section */
		BA7E53AC1E3F777C001CA657 /* Build configuration list for PBXProject "TestRunner" */ = {
			isa = XCConfigurationList;
			buildConfigurations = (
				BA7E53D11E3F777C001CA657 /* Debug */,
				BA7E53D21E3F777C001CA657 /* Release */,
			);
			defaultConfigurationIsVisible = 0;
			defaultConfigurationName = Release;
		};
		BA7E53D31E3F777C001CA657 /* Build configuration list for PBXNativeTarget "TestRunner" */ = {
			isa = XCConfigurationList;
			buildConfigurations = (
				BA7E53D41E3F777C001CA657 /* Debug */,
				BA7E53D51E3F777C001CA657 /* Release */,
			);
			defaultConfigurationIsVisible = 0;
			defaultConfigurationName = Release;
		};
		BA8DBBF32034969A0016BA26 /* Build configuration list for PBXNativeTarget "ReporterSwiftTests" */ = {
			isa = XCConfigurationList;
			buildConfigurations = (
				BA8DBBF42034969A0016BA26 /* Debug */,
				BA8DBBF52034969A0016BA26 /* Release */,
			);
			defaultConfigurationIsVisible = 0;
			defaultConfigurationName = Release;
		};
		BAAB07771EF13C2A006F1DCE /* Build configuration list for PBXNativeTarget "WidgetTests" */ = {
			isa = XCConfigurationList;
			buildConfigurations = (
				BAAB07781EF13C2A006F1DCE /* Debug */,
				BAAB07791EF13C2A006F1DCE /* Release */,
			);
			defaultConfigurationIsVisible = 0;
			defaultConfigurationName = Release;
		};
		BAB4FC2B1FB4B8930045F3CB /* Build configuration list for PBXNativeTarget "ReporterTests" */ = {
			isa = XCConfigurationList;
			buildConfigurations = (
				BAB4FC2C1FB4B8930045F3CB /* Debug */,
				BAB4FC2D1FB4B8930045F3CB /* Release */,
			);
			defaultConfigurationIsVisible = 0;
			defaultConfigurationName = Release;
		};
/* End XCConfigurationList section */
	};
	rootObject = BA7E53A91E3F777C001CA657 /* Project object */;
}
